
Microsoft Visual Studio Solution File, Format Version 12.00
# Visual Studio Version 17
VisualStudioVersion = 17.11.35327.3
MinimumVisualStudioVersion = 10.0.40219.1
Project("{9A19103F-16F7-4668-BE54-9A1E7A4F7556}") = "ExcelFileNumberToName", "ExcelFileNumberToName\ExcelFileNumberToName.csproj", "{BF46A4BB-3F15-432C-804F-576D740E295A}"
EndProject
Global
	GlobalSection(SolutionConfigurationPlatforms) = preSolution
		Debug|Any CPU = Debug|Any CPU
		Release|Any CPU = Release|Any CPU
	EndGlobalSection
	GlobalSection(ProjectConfigurationPlatforms) = postSolution
		{BF46A4BB-3F15-432C-804F-576D740E295A}.Debug|Any CPU.ActiveCfg = Debug|Any CPU
		{BF46A4BB-3F15-432C-804F-576D740E295A}.Debug|Any CPU.Build.0 = Debug|Any CPU
		{BF46A4BB-3F15-432C-804F-576D740E295A}.Release|Any CPU.ActiveCfg = Release|Any CPU
		{BF46A4BB-3F15-432C-804F-576D740E295A}.Release|Any CPU.Build.0 = Release|Any CPU
	EndGlobalSection
	GlobalSection(SolutionProperties) = preSolution
		HideSolutionNode = FALSE
	EndGlobalSection
	GlobalSection(ExtensibilityGlobals) = postSolution
		RESX_NeutralResourcesLanguage = ja-JP
		SolutionGuid = {D7D3864C-019A-4792-B83F-4C27311B8DF7}
	EndGlobalSection
EndGlobal
